// !$*UTF8*$!
{
	archiveVersion = 1;
	classes = {
	};
	objectVersion = 77;
	objects = {

/* Begin PBXBuildFile section */
		2B39B0762CFA321000DA44B4 /* DOStarNode.swift in Sources */ = {isa = PBXBuildFile; fileRef = 2B39B0752CFA320D00DA44B4 /* DOStarNode.swift */; };
		2B9D80E32CF6E8DC003722E6 /* DOExplodingTimerNode.swift in Sources */ = {isa = PBXBuildFile; fileRef = 2B9D80E22CF6E8D6003722E6 /* DOExplodingTimerNode.swift */; };
		2B9D80E52CF6EBED003722E6 /* DOPowerupNode.swift in Sources */ = {isa = PBXBuildFile; fileRef = 2B9D80E42CF6EBE9003722E6 /* DOPowerupNode.swift */; };
		870008362CFACE7A005B8218 /* DOTrailNode.swift in Sources */ = {isa = PBXBuildFile; fileRef = 870008352CFACE74005B8218 /* DOTrailNode.swift */; };
		87405C522D026CFD00DF81A1 /* DOProgressBarNode.swift in Sources */ = {isa = PBXBuildFile; fileRef = 87405C512D026CFD00DF81A1 /* DOProgressBarNode.swift */; };
		874566162D064DF0005D9792 /* DOFrameNode.swift in Sources */ = {isa = PBXBuildFile; fileRef = 874566152D064DEA005D9792 /* DOFrameNode.swift */; };
		876448ED2D07E80100E819FD /* DOplayerStart.swift in Sources */ = {isa = PBXBuildFile; fileRef = 876448EC2D07E80100E819FD /* DOplayerStart.swift */; };
		876B51522D03CD3100AAEE04 /* DOTimer.swift in Sources */ = {isa = PBXBuildFile; fileRef = 876B51512D03CD3100AAEE04 /* DOTimer.swift */; };
		876B51542D03CD3700AAEE04 /* DOTimerTrackerService.swift in Sources */ = {isa = PBXBuildFile; fileRef = 876B51532D03CD3700AAEE04 /* DOTimerTrackerService.swift */; };
		876B51632D03D92000AAEE04 /* DOExplanationNode.swift in Sources */ = {isa = PBXBuildFile; fileRef = 876B51622D03D92000AAEE04 /* DOExplanationNode.swift */; };
		87BF02C92CDD4738002A1821 /* DOPlayerNode.swift in Sources */ = {isa = PBXBuildFile; fileRef = 87BF02C22CDD4738002A1821 /* DOPlayerNode.swift */; };
		87BF02CC2CDD476A002A1821 /* DOGameScene.swift in Sources */ = {isa = PBXBuildFile; fileRef = 87BF02CB2CDD476A002A1821 /* DOGameScene.swift */; };
		87BF02CD2CDD476A002A1821 /* DOGameContext.swift in Sources */ = {isa = PBXBuildFile; fileRef = 87BF02CA2CDD476A002A1821 /* DOGameContext.swift */; };
		87BF02CF2CDD48C1002A1821 /* DOBackgroundNode.swift in Sources */ = {isa = PBXBuildFile; fileRef = 87BF02CE2CDD48C1002A1821 /* DOBackgroundNode.swift */; };
		87BF02D12CDD48C8002A1821 /* DOScoreNode.swift in Sources */ = {isa = PBXBuildFile; fileRef = 87BF02D02CDD48C8002A1821 /* DOScoreNode.swift */; };
		87BF02D72CDD4A4A002A1821 /* DOGameInfo.swift in Sources */ = {isa = PBXBuildFile; fileRef = 87BF02D52CDD4A4A002A1821 /* DOGameInfo.swift */; };
		87BF02DA2CDD4C7B002A1821 /* Assets.xcassets in Resources */ = {isa = PBXBuildFile; fileRef = 87BF02D82CDD4C7B002A1821 /* Assets.xcassets */; };
		87BF02E02CDD4C80002A1821 /* GameModeType.swift in Sources */ = {isa = PBXBuildFile; fileRef = 87BF02DD2CDD4C80002A1821 /* GameModeType.swift */; };
		87BF02E12CDD4C80002A1821 /* Dependencies.swift in Sources */ = {isa = PBXBuildFile; fileRef = 87BF02DB2CDD4C80002A1821 /* Dependencies.swift */; };
		87BF02E22CDD4C80002A1821 /* GameType.swift in Sources */ = {isa = PBXBuildFile; fileRef = 87BF02DE2CDD4C80002A1821 /* GameType.swift */; };
		87BF02E32CDD4C80002A1821 /* GameContext.swift in Sources */ = {isa = PBXBuildFile; fileRef = 87BF02DC2CDD4C80002A1821 /* GameContext.swift */; };
		87BF02F02CDD8E89002A1821 /* DODotNode.swift in Sources */ = {isa = PBXBuildFile; fileRef = 87BF02EF2CDD8E89002A1821 /* DODotNode.swift */; };
		87C1A7112CDEC7FF0033FDD1 /* DOGameOverNode.swift in Sources */ = {isa = PBXBuildFile; fileRef = 87C1A7102CDEC7FF0033FDD1 /* DOGameOverNode.swift */; };
		87DB9B712CDDF1AB0096130C /* DOLevelNode.swift in Sources */ = {isa = PBXBuildFile; fileRef = 87DB9B702CDDF1A60096130C /* DOLevelNode.swift */; };
/* End PBXBuildFile section */

/* Begin PBXContainerItemProxy section */
		2BD62E752CCD7A9C00B86F14 /* PBXContainerItemProxy */ = {
			isa = PBXContainerItemProxy;
			containerPortal = 2BD62E5C2CCD7A9900B86F14 /* Project object */;
			proxyType = 1;
			remoteGlobalIDString = 2BD62E632CCD7A9900B86F14;
			remoteInfo = "Dot-Dash";
		};
		2BD62E7F2CCD7A9C00B86F14 /* PBXContainerItemProxy */ = {
			isa = PBXContainerItemProxy;
			containerPortal = 2BD62E5C2CCD7A9900B86F14 /* Project object */;
			proxyType = 1;
			remoteGlobalIDString = 2BD62E632CCD7A9900B86F14;
			remoteInfo = "Dot-Dash";
		};
/* End PBXContainerItemProxy section */

/* Begin PBXFileReference section */
		2B39B0752CFA320D00DA44B4 /* DOStarNode.swift */ = {isa = PBXFileReference; lastKnownFileType = sourcecode.swift; path = DOStarNode.swift; sourceTree = "<group>"; };
		2B9D80E22CF6E8D6003722E6 /* DOExplodingTimerNode.swift */ = {isa = PBXFileReference; lastKnownFileType = sourcecode.swift; path = DOExplodingTimerNode.swift; sourceTree = "<group>"; };
		2B9D80E42CF6EBE9003722E6 /* DOPowerupNode.swift */ = {isa = PBXFileReference; lastKnownFileType = sourcecode.swift; path = DOPowerupNode.swift; sourceTree = "<group>"; };
		2BD62E642CCD7A9900B86F14 /* Dot-Dash.app */ = {isa = PBXFileReference; explicitFileType = wrapper.application; includeInIndex = 0; path = "Dot-Dash.app"; sourceTree = BUILT_PRODUCTS_DIR; };
		2BD62E742CCD7A9C00B86F14 /* Dot-DashTests.xctest */ = {isa = PBXFileReference; explicitFileType = wrapper.cfbundle; includeInIndex = 0; path = "Dot-DashTests.xctest"; sourceTree = BUILT_PRODUCTS_DIR; };
		2BD62E7E2CCD7A9C00B86F14 /* Dot-DashUITests.xctest */ = {isa = PBXFileReference; explicitFileType = wrapper.cfbundle; includeInIndex = 0; path = "Dot-DashUITests.xctest"; sourceTree = BUILT_PRODUCTS_DIR; };
		870008352CFACE74005B8218 /* DOTrailNode.swift */ = {isa = PBXFileReference; lastKnownFileType = sourcecode.swift; path = DOTrailNode.swift; sourceTree = "<group>"; };
		87405C512D026CFD00DF81A1 /* DOProgressBarNode.swift */ = {isa = PBXFileReference; lastKnownFileType = sourcecode.swift; path = DOProgressBarNode.swift; sourceTree = "<group>"; };
		874566152D064DEA005D9792 /* DOFrameNode.swift */ = {isa = PBXFileReference; lastKnownFileType = sourcecode.swift; path = DOFrameNode.swift; sourceTree = "<group>"; };
		876448EC2D07E80100E819FD /* DOplayerStart.swift */ = {isa = PBXFileReference; lastKnownFileType = sourcecode.swift; path = DOplayerStart.swift; sourceTree = "<group>"; };
		876B51512D03CD3100AAEE04 /* DOTimer.swift */ = {isa = PBXFileReference; lastKnownFileType = sourcecode.swift; path = DOTimer.swift; sourceTree = "<group>"; };
		876B51532D03CD3700AAEE04 /* DOTimerTrackerService.swift */ = {isa = PBXFileReference; lastKnownFileType = sourcecode.swift; path = DOTimerTrackerService.swift; sourceTree = "<group>"; };
		876B51622D03D92000AAEE04 /* DOExplanationNode.swift */ = {isa = PBXFileReference; lastKnownFileType = sourcecode.swift; path = DOExplanationNode.swift; sourceTree = "<group>"; };
		87BF02C22CDD4738002A1821 /* DOPlayerNode.swift */ = {isa = PBXFileReference; lastKnownFileType = sourcecode.swift; path = DOPlayerNode.swift; sourceTree = "<group>"; };
		87BF02CA2CDD476A002A1821 /* DOGameContext.swift */ = {isa = PBXFileReference; lastKnownFileType = sourcecode.swift; path = DOGameContext.swift; sourceTree = "<group>"; };
		87BF02CB2CDD476A002A1821 /* DOGameScene.swift */ = {isa = PBXFileReference; lastKnownFileType = sourcecode.swift; path = DOGameScene.swift; sourceTree = "<group>"; };
		87BF02CE2CDD48C1002A1821 /* DOBackgroundNode.swift */ = {isa = PBXFileReference; lastKnownFileType = sourcecode.swift; path = DOBackgroundNode.swift; sourceTree = "<group>"; };
		87BF02D02CDD48C8002A1821 /* DOScoreNode.swift */ = {isa = PBXFileReference; lastKnownFileType = sourcecode.swift; path = DOScoreNode.swift; sourceTree = "<group>"; };
		87BF02D52CDD4A4A002A1821 /* DOGameInfo.swift */ = {isa = PBXFileReference; lastKnownFileType = sourcecode.swift; path = DOGameInfo.swift; sourceTree = "<group>"; };
		87BF02D82CDD4C7B002A1821 /* Assets.xcassets */ = {isa = PBXFileReference; lastKnownFileType = folder.assetcatalog; path = Assets.xcassets; sourceTree = "<group>"; };
		87BF02DB2CDD4C80002A1821 /* Dependencies.swift */ = {isa = PBXFileReference; lastKnownFileType = sourcecode.swift; path = Dependencies.swift; sourceTree = "<group>"; };
		87BF02DC2CDD4C80002A1821 /* GameContext.swift */ = {isa = PBXFileReference; lastKnownFileType = sourcecode.swift; path = GameContext.swift; sourceTree = "<group>"; };
		87BF02DD2CDD4C80002A1821 /* GameModeType.swift */ = {isa = PBXFileReference; lastKnownFileType = sourcecode.swift; path = GameModeType.swift; sourceTree = "<group>"; };
		87BF02DE2CDD4C80002A1821 /* GameType.swift */ = {isa = PBXFileReference; lastKnownFileType = sourcecode.swift; path = GameType.swift; sourceTree = "<group>"; };
		87BF02EF2CDD8E89002A1821 /* DODotNode.swift */ = {isa = PBXFileReference; lastKnownFileType = sourcecode.swift; path = DODotNode.swift; sourceTree = "<group>"; };
		87C1A7102CDEC7FF0033FDD1 /* DOGameOverNode.swift */ = {isa = PBXFileReference; lastKnownFileType = sourcecode.swift; path = DOGameOverNode.swift; sourceTree = "<group>"; };
		87DB9B702CDDF1A60096130C /* DOLevelNode.swift */ = {isa = PBXFileReference; lastKnownFileType = sourcecode.swift; path = DOLevelNode.swift; sourceTree = "<group>"; };
/* End PBXFileReference section */

/* Begin PBXFileSystemSynchronizedRootGroup section */
		2BD62E662CCD7A9900B86F14 /* Dot-Dash */ = {
			isa = PBXFileSystemSynchronizedRootGroup;
			path = "Dot-Dash";
			sourceTree = "<group>";
		};
		2BD62E772CCD7A9C00B86F14 /* Dot-DashTests */ = {
			isa = PBXFileSystemSynchronizedRootGroup;
			path = "Dot-DashTests";
			sourceTree = "<group>";
		};
		2BD62E812CCD7A9C00B86F14 /* Dot-DashUITests */ = {
			isa = PBXFileSystemSynchronizedRootGroup;
			path = "Dot-DashUITests";
			sourceTree = "<group>";
		};
/* End PBXFileSystemSynchronizedRootGroup section */

/* Begin PBXFrameworksBuildPhase section */
		2BD62E612CCD7A9900B86F14 /* Frameworks */ = {
			isa = PBXFrameworksBuildPhase;
			buildActionMask = 2147483647;
			files = (
			);
			runOnlyForDeploymentPostprocessing = 0;
		};
		2BD62E712CCD7A9C00B86F14 /* Frameworks */ = {
			isa = PBXFrameworksBuildPhase;
			buildActionMask = 2147483647;
			files = (
			);
			runOnlyForDeploymentPostprocessing = 0;
		};
		2BD62E7B2CCD7A9C00B86F14 /* Frameworks */ = {
			isa = PBXFrameworksBuildPhase;
			buildActionMask = 2147483647;
			files = (
			);
			runOnlyForDeploymentPostprocessing = 0;
		};
/* End PBXFrameworksBuildPhase section */

/* Begin PBXGroup section */
		2BD62E5B2CCD7A9900B86F14 = {
			isa = PBXGroup;
			children = (
				2BD62E662CCD7A9900B86F14 /* Dot-Dash */,
				2BD62E772CCD7A9C00B86F14 /* Dot-DashTests */,
				2BD62E812CCD7A9C00B86F14 /* Dot-DashUITests */,
				2BD62E652CCD7A9900B86F14 /* Products */,
				87BF02C52CDD4738002A1821 /* Code */,
				87BF02D92CDD4C7B002A1821 /* Assets */,
				87BF02DF2CDD4C80002A1821 /* Base */,
			);
			sourceTree = "<group>";
		};
		2BD62E652CCD7A9900B86F14 /* Products */ = {
			isa = PBXGroup;
			children = (
				2BD62E642CCD7A9900B86F14 /* Dot-Dash.app */,
				2BD62E742CCD7A9C00B86F14 /* Dot-DashTests.xctest */,
				2BD62E7E2CCD7A9C00B86F14 /* Dot-DashUITests.xctest */,
			);
			name = Products;
			sourceTree = "<group>";
		};
		87BF02C12CDD4738002A1821 /* Core */ = {
			isa = PBXGroup;
			children = (
				87BF02CA2CDD476A002A1821 /* DOGameContext.swift */,
				87BF02CB2CDD476A002A1821 /* DOGameScene.swift */,
			);
			path = Core;
			sourceTree = "<group>";
		};
		87BF02C42CDD4738002A1821 /* Nodes */ = {
			isa = PBXGroup;
			children = (
				874566152D064DEA005D9792 /* DOFrameNode.swift */,
				876B51512D03CD3100AAEE04 /* DOTimer.swift */,
				876B51532D03CD3700AAEE04 /* DOTimerTrackerService.swift */,
				2B39B0752CFA320D00DA44B4 /* DOStarNode.swift */,
				2B9D80E42CF6EBE9003722E6 /* DOPowerupNode.swift */,
				870008352CFACE74005B8218 /* DOTrailNode.swift */,
				2B9D80E22CF6E8D6003722E6 /* DOExplodingTimerNode.swift */,
				87DB9B702CDDF1A60096130C /* DOLevelNode.swift */,
				87BF02C22CDD4738002A1821 /* DOPlayerNode.swift */,
				87BF02CE2CDD48C1002A1821 /* DOBackgroundNode.swift */,
				87BF02D02CDD48C8002A1821 /* DOScoreNode.swift */,
				87BF02EF2CDD8E89002A1821 /* DODotNode.swift */,
				87C1A7102CDEC7FF0033FDD1 /* DOGameOverNode.swift */,
				87405C512D026CFD00DF81A1 /* DOProgressBarNode.swift */,
				876B51622D03D92000AAEE04 /* DOExplanationNode.swift */,
				876448EC2D07E80100E819FD /* DOplayerStart.swift */,
			);
			path = Nodes;
			sourceTree = "<group>";
		};
		87BF02C52CDD4738002A1821 /* Code */ = {
			isa = PBXGroup;
			children = (
				87BF02C12CDD4738002A1821 /* Core */,
				87BF02C42CDD4738002A1821 /* Nodes */,
				87BF02D62CDD4A4A002A1821 /* Helpers */,
			);
			path = Code;
			sourceTree = "<group>";
		};
		87BF02D62CDD4A4A002A1821 /* Helpers */ = {
			isa = PBXGroup;
			children = (
				87BF02D52CDD4A4A002A1821 /* DOGameInfo.swift */,
			);
			path = Helpers;
			sourceTree = "<group>";
		};
		87BF02D92CDD4C7B002A1821 /* Assets */ = {
			isa = PBXGroup;
			children = (
				87BF02D82CDD4C7B002A1821 /* Assets.xcassets */,
			);
			path = Assets;
			sourceTree = "<group>";
		};
		87BF02DF2CDD4C80002A1821 /* Base */ = {
			isa = PBXGroup;
			children = (
				87BF02DB2CDD4C80002A1821 /* Dependencies.swift */,
				87BF02DC2CDD4C80002A1821 /* GameContext.swift */,
				87BF02DD2CDD4C80002A1821 /* GameModeType.swift */,
				87BF02DE2CDD4C80002A1821 /* GameType.swift */,
			);
			path = Base;
			sourceTree = "<group>";
		};
/* End PBXGroup section */

/* Begin PBXNativeTarget section */
		2BD62E632CCD7A9900B86F14 /* Dot-Dash */ = {
			isa = PBXNativeTarget;
			buildConfigurationList = 2BD62E882CCD7A9C00B86F14 /* Build configuration list for PBXNativeTarget "Dot-Dash" */;
			buildPhases = (
				2BD62E602CCD7A9900B86F14 /* Sources */,
				2BD62E612CCD7A9900B86F14 /* Frameworks */,
				2BD62E622CCD7A9900B86F14 /* Resources */,
			);
			buildRules = (
			);
			dependencies = (
			);
			fileSystemSynchronizedGroups = (
				2BD62E662CCD7A9900B86F14 /* Dot-Dash */,
			);
			name = "Dot-Dash";
			packageProductDependencies = (
			);
			productName = "Dot-Dash";
			productReference = 2BD62E642CCD7A9900B86F14 /* Dot-Dash.app */;
			productType = "com.apple.product-type.application";
		};
		2BD62E732CCD7A9C00B86F14 /* Dot-DashTests */ = {
			isa = PBXNativeTarget;
			buildConfigurationList = 2BD62E8B2CCD7A9C00B86F14 /* Build configuration list for PBXNativeTarget "Dot-DashTests" */;
			buildPhases = (
				2BD62E702CCD7A9C00B86F14 /* Sources */,
				2BD62E712CCD7A9C00B86F14 /* Frameworks */,
				2BD62E722CCD7A9C00B86F14 /* Resources */,
			);
			buildRules = (
			);
			dependencies = (
				2BD62E762CCD7A9C00B86F14 /* PBXTargetDependency */,
			);
			fileSystemSynchronizedGroups = (
				2BD62E772CCD7A9C00B86F14 /* Dot-DashTests */,
			);
			name = "Dot-DashTests";
			packageProductDependencies = (
			);
			productName = "Dot-DashTests";
			productReference = 2BD62E742CCD7A9C00B86F14 /* Dot-DashTests.xctest */;
			productType = "com.apple.product-type.bundle.unit-test";
		};
		2BD62E7D2CCD7A9C00B86F14 /* Dot-DashUITests */ = {
			isa = PBXNativeTarget;
			buildConfigurationList = 2BD62E8E2CCD7A9C00B86F14 /* Build configuration list for PBXNativeTarget "Dot-DashUITests" */;
			buildPhases = (
				2BD62E7A2CCD7A9C00B86F14 /* Sources */,
				2BD62E7B2CCD7A9C00B86F14 /* Frameworks */,
				2BD62E7C2CCD7A9C00B86F14 /* Resources */,
			);
			buildRules = (
			);
			dependencies = (
				2BD62E802CCD7A9C00B86F14 /* PBXTargetDependency */,
			);
			fileSystemSynchronizedGroups = (
				2BD62E812CCD7A9C00B86F14 /* Dot-DashUITests */,
			);
			name = "Dot-DashUITests";
			packageProductDependencies = (
			);
			productName = "Dot-DashUITests";
			productReference = 2BD62E7E2CCD7A9C00B86F14 /* Dot-DashUITests.xctest */;
			productType = "com.apple.product-type.bundle.ui-testing";
		};
/* End PBXNativeTarget section */

/* Begin PBXProject section */
		2BD62E5C2CCD7A9900B86F14 /* Project object */ = {
			isa = PBXProject;
			attributes = {
				BuildIndependentTargetsInParallel = 1;
				LastSwiftUpdateCheck = 1600;
				LastUpgradeCheck = 1600;
				TargetAttributes = {
					2BD62E632CCD7A9900B86F14 = {
						CreatedOnToolsVersion = 16.0;
					};
					2BD62E732CCD7A9C00B86F14 = {
						CreatedOnToolsVersion = 16.0;
						TestTargetID = 2BD62E632CCD7A9900B86F14;
					};
					2BD62E7D2CCD7A9C00B86F14 = {
						CreatedOnToolsVersion = 16.0;
						TestTargetID = 2BD62E632CCD7A9900B86F14;
					};
				};
			};
			buildConfigurationList = 2BD62E5F2CCD7A9900B86F14 /* Build configuration list for PBXProject "Dot-Dash" */;
			developmentRegion = en;
			hasScannedForEncodings = 0;
			knownRegions = (
				en,
				Base,
			);
			mainGroup = 2BD62E5B2CCD7A9900B86F14;
			minimizedProjectReferenceProxies = 1;
			preferredProjectObjectVersion = 77;
			productRefGroup = 2BD62E652CCD7A9900B86F14 /* Products */;
			projectDirPath = "";
			projectRoot = "";
			targets = (
				2BD62E632CCD7A9900B86F14 /* Dot-Dash */,
				2BD62E732CCD7A9C00B86F14 /* Dot-DashTests */,
				2BD62E7D2CCD7A9C00B86F14 /* Dot-DashUITests */,
			);
		};
/* End PBXProject section */

/* Begin PBXResourcesBuildPhase section */
		2BD62E622CCD7A9900B86F14 /* Resources */ = {
			isa = PBXResourcesBuildPhase;
			buildActionMask = 2147483647;
			files = (
				87BF02DA2CDD4C7B002A1821 /* Assets.xcassets in Resources */,
			);
			runOnlyForDeploymentPostprocessing = 0;
		};
		2BD62E722CCD7A9C00B86F14 /* Resources */ = {
			isa = PBXResourcesBuildPhase;
			buildActionMask = 2147483647;
			files = (
			);
			runOnlyForDeploymentPostprocessing = 0;
		};
		2BD62E7C2CCD7A9C00B86F14 /* Resources */ = {
			isa = PBXResourcesBuildPhase;
			buildActionMask = 2147483647;
			files = (
			);
			runOnlyForDeploymentPostprocessing = 0;
		};
/* End PBXResourcesBuildPhase section */

/* Begin PBXSourcesBuildPhase section */
		2BD62E602CCD7A9900B86F14 /* Sources */ = {
			isa = PBXSourcesBuildPhase;
			buildActionMask = 2147483647;
			files = (
				874566162D064DF0005D9792 /* DOFrameNode.swift in Sources */,
				87BF02D72CDD4A4A002A1821 /* DOGameInfo.swift in Sources */,
				87405C522D026CFD00DF81A1 /* DOProgressBarNode.swift in Sources */,
				876B51522D03CD3100AAEE04 /* DOTimer.swift in Sources */,
				87DB9B712CDDF1AB0096130C /* DOLevelNode.swift in Sources */,
				2B9D80E32CF6E8DC003722E6 /* DOExplodingTimerNode.swift in Sources */,
				2B9D80E52CF6EBED003722E6 /* DOPowerupNode.swift in Sources */,
				87BF02E02CDD4C80002A1821 /* GameModeType.swift in Sources */,
				87BF02E12CDD4C80002A1821 /* Dependencies.swift in Sources */,
				87C1A7112CDEC7FF0033FDD1 /* DOGameOverNode.swift in Sources */,
				876B51632D03D92000AAEE04 /* DOExplanationNode.swift in Sources */,
				876B51542D03CD3700AAEE04 /* DOTimerTrackerService.swift in Sources */,
				2B39B0762CFA321000DA44B4 /* DOStarNode.swift in Sources */,
				87BF02E22CDD4C80002A1821 /* GameType.swift in Sources */,
				87BF02E32CDD4C80002A1821 /* GameContext.swift in Sources */,
				870008362CFACE7A005B8218 /* DOTrailNode.swift in Sources */,
				87BF02D12CDD48C8002A1821 /* DOScoreNode.swift in Sources */,
				87BF02F02CDD8E89002A1821 /* DODotNode.swift in Sources */,
				87BF02C92CDD4738002A1821 /* DOPlayerNode.swift in Sources */,
				87BF02CC2CDD476A002A1821 /* DOGameScene.swift in Sources */,
				87BF02CD2CDD476A002A1821 /* DOGameContext.swift in Sources */,
				876448ED2D07E80100E819FD /* DOplayerStart.swift in Sources */,
				87BF02CF2CDD48C1002A1821 /* DOBackgroundNode.swift in Sources */,
			);
			runOnlyForDeploymentPostprocessing = 0;
		};
		2BD62E702CCD7A9C00B86F14 /* Sources */ = {
			isa = PBXSourcesBuildPhase;
			buildActionMask = 2147483647;
			files = (
			);
			runOnlyForDeploymentPostprocessing = 0;
		};
		2BD62E7A2CCD7A9C00B86F14 /* Sources */ = {
			isa = PBXSourcesBuildPhase;
			buildActionMask = 2147483647;
			files = (
			);
			runOnlyForDeploymentPostprocessing = 0;
		};
/* End PBXSourcesBuildPhase section */

/* Begin PBXTargetDependency section */
		2BD62E762CCD7A9C00B86F14 /* PBXTargetDependency */ = {
			isa = PBXTargetDependency;
			target = 2BD62E632CCD7A9900B86F14 /* Dot-Dash */;
			targetProxy = 2BD62E752CCD7A9C00B86F14 /* PBXContainerItemProxy */;
		};
		2BD62E802CCD7A9C00B86F14 /* PBXTargetDependency */ = {
			isa = PBXTargetDependency;
			target = 2BD62E632CCD7A9900B86F14 /* Dot-Dash */;
			targetProxy = 2BD62E7F2CCD7A9C00B86F14 /* PBXContainerItemProxy */;
		};
/* End PBXTargetDependency section */

/* Begin XCBuildConfiguration section */
		2BD62E862CCD7A9C00B86F14 /* Debug */ = {
			isa = XCBuildConfiguration;
			buildSettings = {
				ALWAYS_SEARCH_USER_PATHS = NO;
				ASSETCATALOG_COMPILER_GENERATE_SWIFT_ASSET_SYMBOL_EXTENSIONS = YES;
				CLANG_ANALYZER_NONNULL = YES;
				CLANG_ANALYZER_NUMBER_OBJECT_CONVERSION = YES_AGGRESSIVE;
				CLANG_CXX_LANGUAGE_STANDARD = "gnu++20";
				CLANG_ENABLE_MODULES = YES;
				CLANG_ENABLE_OBJC_ARC = YES;
				CLANG_ENABLE_OBJC_WEAK = YES;
				CLANG_WARN_BLOCK_CAPTURE_AUTORELEASING = YES;
				CLANG_WARN_BOOL_CONVERSION = YES;
				CLANG_WARN_COMMA = YES;
				CLANG_WARN_CONSTANT_CONVERSION = YES;
				CLANG_WARN_DEPRECATED_OBJC_IMPLEMENTATIONS = YES;
				CLANG_WARN_DIRECT_OBJC_ISA_USAGE = YES_ERROR;
				CLANG_WARN_DOCUMENTATION_COMMENTS = YES;
				CLANG_WARN_EMPTY_BODY = YES;
				CLANG_WARN_ENUM_CONVERSION = YES;
				CLANG_WARN_INFINITE_RECURSION = YES;
				CLANG_WARN_INT_CONVERSION = YES;
				CLANG_WARN_NON_LITERAL_NULL_CONVERSION = YES;
				CLANG_WARN_OBJC_IMPLICIT_RETAIN_SELF = YES;
				CLANG_WARN_OBJC_LITERAL_CONVERSION = YES;
				CLANG_WARN_OBJC_ROOT_CLASS = YES_ERROR;
				CLANG_WARN_QUOTED_INCLUDE_IN_FRAMEWORK_HEADER = YES;
				CLANG_WARN_RANGE_LOOP_ANALYSIS = YES;
				CLANG_WARN_STRICT_PROTOTYPES = YES;
				CLANG_WARN_SUSPICIOUS_MOVE = YES;
				CLANG_WARN_UNGUARDED_AVAILABILITY = YES_AGGRESSIVE;
				CLANG_WARN_UNREACHABLE_CODE = YES;
				CLANG_WARN__DUPLICATE_METHOD_MATCH = YES;
				COPY_PHASE_STRIP = NO;
				DEBUG_INFORMATION_FORMAT = dwarf;
				ENABLE_STRICT_OBJC_MSGSEND = YES;
				ENABLE_TESTABILITY = YES;
				ENABLE_USER_SCRIPT_SANDBOXING = YES;
				GCC_C_LANGUAGE_STANDARD = gnu17;
				GCC_DYNAMIC_NO_PIC = NO;
				GCC_NO_COMMON_BLOCKS = YES;
				GCC_OPTIMIZATION_LEVEL = 0;
				GCC_PREPROCESSOR_DEFINITIONS = (
					"DEBUG=1",
					"$(inherited)",
				);
				GCC_WARN_64_TO_32_BIT_CONVERSION = YES;
				GCC_WARN_ABOUT_RETURN_TYPE = YES_ERROR;
				GCC_WARN_UNDECLARED_SELECTOR = YES;
				GCC_WARN_UNINITIALIZED_AUTOS = YES_AGGRESSIVE;
				GCC_WARN_UNUSED_FUNCTION = YES;
				GCC_WARN_UNUSED_VARIABLE = YES;
				IPHONEOS_DEPLOYMENT_TARGET = 18.0;
				LOCALIZATION_PREFERS_STRING_CATALOGS = YES;
				MTL_ENABLE_DEBUG_INFO = INCLUDE_SOURCE;
				MTL_FAST_MATH = YES;
				ONLY_ACTIVE_ARCH = YES;
				SDKROOT = iphoneos;
				SWIFT_ACTIVE_COMPILATION_CONDITIONS = "DEBUG $(inherited)";
				SWIFT_OPTIMIZATION_LEVEL = "-Onone";
			};
			name = Debug;
		};
		2BD62E872CCD7A9C00B86F14 /* Release */ = {
			isa = XCBuildConfiguration;
			buildSettings = {
				ALWAYS_SEARCH_USER_PATHS = NO;
				ASSETCATALOG_COMPILER_GENERATE_SWIFT_ASSET_SYMBOL_EXTENSIONS = YES;
				CLANG_ANALYZER_NONNULL = YES;
				CLANG_ANALYZER_NUMBER_OBJECT_CONVERSION = YES_AGGRESSIVE;
				CLANG_CXX_LANGUAGE_STANDARD = "gnu++20";
				CLANG_ENABLE_MODULES = YES;
				CLANG_ENABLE_OBJC_ARC = YES;
				CLANG_ENABLE_OBJC_WEAK = YES;
				CLANG_WARN_BLOCK_CAPTURE_AUTORELEASING = YES;
				CLANG_WARN_BOOL_CONVERSION = YES;
				CLANG_WARN_COMMA = YES;
				CLANG_WARN_CONSTANT_CONVERSION = YES;
				CLANG_WARN_DEPRECATED_OBJC_IMPLEMENTATIONS = YES;
				CLANG_WARN_DIRECT_OBJC_ISA_USAGE = YES_ERROR;
				CLANG_WARN_DOCUMENTATION_COMMENTS = YES;
				CLANG_WARN_EMPTY_BODY = YES;
				CLANG_WARN_ENUM_CONVERSION = YES;
				CLANG_WARN_INFINITE_RECURSION = YES;
				CLANG_WARN_INT_CONVERSION = YES;
				CLANG_WARN_NON_LITERAL_NULL_CONVERSION = YES;
				CLANG_WARN_OBJC_IMPLICIT_RETAIN_SELF = YES;
				CLANG_WARN_OBJC_LITERAL_CONVERSION = YES;
				CLANG_WARN_OBJC_ROOT_CLASS = YES_ERROR;
				CLANG_WARN_QUOTED_INCLUDE_IN_FRAMEWORK_HEADER = YES;
				CLANG_WARN_RANGE_LOOP_ANALYSIS = YES;
				CLANG_WARN_STRICT_PROTOTYPES = YES;
				CLANG_WARN_SUSPICIOUS_MOVE = YES;
				CLANG_WARN_UNGUARDED_AVAILABILITY = YES_AGGRESSIVE;
				CLANG_WARN_UNREACHABLE_CODE = YES;
				CLANG_WARN__DUPLICATE_METHOD_MATCH = YES;
				COPY_PHASE_STRIP = NO;
				DEBUG_INFORMATION_FORMAT = "dwarf-with-dsym";
				ENABLE_NS_ASSERTIONS = NO;
				ENABLE_STRICT_OBJC_MSGSEND = YES;
				ENABLE_USER_SCRIPT_SANDBOXING = YES;
				GCC_C_LANGUAGE_STANDARD = gnu17;
				GCC_NO_COMMON_BLOCKS = YES;
				GCC_WARN_64_TO_32_BIT_CONVERSION = YES;
				GCC_WARN_ABOUT_RETURN_TYPE = YES_ERROR;
				GCC_WARN_UNDECLARED_SELECTOR = YES;
				GCC_WARN_UNINITIALIZED_AUTOS = YES_AGGRESSIVE;
				GCC_WARN_UNUSED_FUNCTION = YES;
				GCC_WARN_UNUSED_VARIABLE = YES;
				IPHONEOS_DEPLOYMENT_TARGET = 18.0;
				LOCALIZATION_PREFERS_STRING_CATALOGS = YES;
				MTL_ENABLE_DEBUG_INFO = NO;
				MTL_FAST_MATH = YES;
				SDKROOT = iphoneos;
				SWIFT_COMPILATION_MODE = wholemodule;
				VALIDATE_PRODUCT = YES;
			};
			name = Release;
		};
		2BD62E892CCD7A9C00B86F14 /* Debug */ = {
			isa = XCBuildConfiguration;
			buildSettings = {
				ASSETCATALOG_COMPILER_APPICON_NAME = AppIcon;
				ASSETCATALOG_COMPILER_GLOBAL_ACCENT_COLOR_NAME = AccentColor;
				CODE_SIGN_STYLE = Automatic;
				CURRENT_PROJECT_VERSION = 1;
				DEVELOPMENT_ASSET_PATHS = "\"Dot-Dash/Preview Content\"";
				ENABLE_PREVIEWS = YES;
				GENERATE_INFOPLIST_FILE = YES;
				INFOPLIST_KEY_UIApplicationSceneManifest_Generation = YES;
				INFOPLIST_KEY_UIApplicationSupportsIndirectInputEvents = YES;
				INFOPLIST_KEY_UILaunchScreen_Generation = YES;
				INFOPLIST_KEY_UISupportedInterfaceOrientations_iPad = "UIInterfaceOrientationPortrait UIInterfaceOrientationPortraitUpsideDown UIInterfaceOrientationLandscapeLeft UIInterfaceOrientationLandscapeRight";
				INFOPLIST_KEY_UISupportedInterfaceOrientations_iPhone = "UIInterfaceOrientationPortrait UIInterfaceOrientationLandscapeLeft UIInterfaceOrientationLandscapeRight";
				LD_RUNPATH_SEARCH_PATHS = (
					"$(inherited)",
					"@executable_path/Frameworks",
				);
				MARKETING_VERSION = 1.0;
				PRODUCT_BUNDLE_IDENTIFIER = "com.hyel.Dot-Dash";
				PRODUCT_NAME = "$(TARGET_NAME)";
				SWIFT_EMIT_LOC_STRINGS = YES;
				SWIFT_VERSION = 5.0;
				TARGETED_DEVICE_FAMILY = "1,2";
			};
			name = Debug;
		};
		2BD62E8A2CCD7A9C00B86F14 /* Release */ = {
			isa = XCBuildConfiguration;
			buildSettings = {
				ASSETCATALOG_COMPILER_APPICON_NAME = AppIcon;
				ASSETCATALOG_COMPILER_GLOBAL_ACCENT_COLOR_NAME = AccentColor;
				CODE_SIGN_STYLE = Automatic;
				CURRENT_PROJECT_VERSION = 1;
				DEVELOPMENT_ASSET_PATHS = "\"Dot-Dash/Preview Content\"";
				ENABLE_PREVIEWS = YES;
				GENERATE_INFOPLIST_FILE = YES;
				INFOPLIST_KEY_UIApplicationSceneManifest_Generation = YES;
				INFOPLIST_KEY_UIApplicationSupportsIndirectInputEvents = YES;
				INFOPLIST_KEY_UILaunchScreen_Generation = YES;
				INFOPLIST_KEY_UISupportedInterfaceOrientations_iPad = "UIInterfaceOrientationPortrait UIInterfaceOrientationPortraitUpsideDown UIInterfaceOrientationLandscapeLeft UIInterfaceOrientationLandscapeRight";
				INFOPLIST_KEY_UISupportedInterfaceOrientations_iPhone = "UIInterfaceOrientationPortrait UIInterfaceOrientationLandscapeLeft UIInterfaceOrientationLandscapeRight";
				LD_RUNPATH_SEARCH_PATHS = (
					"$(inherited)",
					"@executable_path/Frameworks",
				);
				MARKETING_VERSION = 1.0;
				PRODUCT_BUNDLE_IDENTIFIER = "com.hyel.Dot-Dash";
				PRODUCT_NAME = "$(TARGET_NAME)";
				SWIFT_EMIT_LOC_STRINGS = YES;
				SWIFT_VERSION = 5.0;
				TARGETED_DEVICE_FAMILY = "1,2";
			};
			name = Release;
		};
		2BD62E8C2CCD7A9C00B86F14 /* Debug */ = {
			isa = XCBuildConfiguration;
			buildSettings = {
				BUNDLE_LOADER = "$(TEST_HOST)";
				CODE_SIGN_STYLE = Automatic;
				CURRENT_PROJECT_VERSION = 1;
				GENERATE_INFOPLIST_FILE = YES;
				IPHONEOS_DEPLOYMENT_TARGET = 18.0;
				MARKETING_VERSION = 1.0;
				PRODUCT_BUNDLE_IDENTIFIER = "com.hyel.Dot-DashTests";
				PRODUCT_NAME = "$(TARGET_NAME)";
				SWIFT_EMIT_LOC_STRINGS = NO;
				SWIFT_VERSION = 5.0;
				TARGETED_DEVICE_FAMILY = "1,2";
				TEST_HOST = "$(BUILT_PRODUCTS_DIR)/Dot-Dash.app/$(BUNDLE_EXECUTABLE_FOLDER_PATH)/Dot-Dash";
			};
			name = Debug;
		};
		2BD62E8D2CCD7A9C00B86F14 /* Release */ = {
			isa = XCBuildConfiguration;
			buildSettings = {
				BUNDLE_LOADER = "$(TEST_HOST)";
				CODE_SIGN_STYLE = Automatic;
				CURRENT_PROJECT_VERSION = 1;
				GENERATE_INFOPLIST_FILE = YES;
				IPHONEOS_DEPLOYMENT_TARGET = 18.0;
				MARKETING_VERSION = 1.0;
				PRODUCT_BUNDLE_IDENTIFIER = "com.hyel.Dot-DashTests";
				PRODUCT_NAME = "$(TARGET_NAME)";
				SWIFT_EMIT_LOC_STRINGS = NO;
				SWIFT_VERSION = 5.0;
				TARGETED_DEVICE_FAMILY = "1,2";
				TEST_HOST = "$(BUILT_PRODUCTS_DIR)/Dot-Dash.app/$(BUNDLE_EXECUTABLE_FOLDER_PATH)/Dot-Dash";
			};
			name = Release;
		};
		2BD62E8F2CCD7A9C00B86F14 /* Debug */ = {
			isa = XCBuildConfiguration;
			buildSettings = {
				CODE_SIGN_STYLE = Automatic;
				CURRENT_PROJECT_VERSION = 1;
				GENERATE_INFOPLIST_FILE = YES;
				MARKETING_VERSION = 1.0;
				PRODUCT_BUNDLE_IDENTIFIER = "com.hyel.Dot-DashUITests";
				PRODUCT_NAME = "$(TARGET_NAME)";
				SWIFT_EMIT_LOC_STRINGS = NO;
				SWIFT_VERSION = 5.0;
				TARGETED_DEVICE_FAMILY = "1,2";
				TEST_TARGET_NAME = "Dot-Dash";
			};
			name = Debug;
		};
		2BD62E902CCD7A9C00B86F14 /* Release */ = {
			isa = XCBuildConfiguration;
			buildSettings = {
				CODE_SIGN_STYLE = Automatic;
				CURRENT_PROJECT_VERSION = 1;
				GENERATE_INFOPLIST_FILE = YES;
				MARKETING_VERSION = 1.0;
				PRODUCT_BUNDLE_IDENTIFIER = "com.hyel.Dot-DashUITests";
				PRODUCT_NAME = "$(TARGET_NAME)";
				SWIFT_EMIT_LOC_STRINGS = NO;
				SWIFT_VERSION = 5.0;
				TARGETED_DEVICE_FAMILY = "1,2";
				TEST_TARGET_NAME = "Dot-Dash";
			};
			name = Release;
		};
/* End XCBuildConfiguration section */

/* Begin XCConfigurationList section */
		2BD62E5F2CCD7A9900B86F14 /* Build configuration list for PBXProject "Dot-Dash" */ = {
			isa = XCConfigurationList;
			buildConfigurations = (
				2BD62E862CCD7A9C00B86F14 /* Debug */,
				2BD62E872CCD7A9C00B86F14 /* Release */,
			);
			defaultConfigurationIsVisible = 0;
			defaultConfigurationName = Release;
		};
		2BD62E882CCD7A9C00B86F14 /* Build configuration list for PBXNativeTarget "Dot-Dash" */ = {
			isa = XCConfigurationList;
			buildConfigurations = (
				2BD62E892CCD7A9C00B86F14 /* Debug */,
				2BD62E8A2CCD7A9C00B86F14 /* Release */,
			);
			defaultConfigurationIsVisible = 0;
			defaultConfigurationName = Release;
		};
		2BD62E8B2CCD7A9C00B86F14 /* Build configuration list for PBXNativeTarget "Dot-DashTests" */ = {
			isa = XCConfigurationList;
			buildConfigurations = (
				2BD62E8C2CCD7A9C00B86F14 /* Debug */,
				2BD62E8D2CCD7A9C00B86F14 /* Release */,
			);
			defaultConfigurationIsVisible = 0;
			defaultConfigurationName = Release;
		};
		2BD62E8E2CCD7A9C00B86F14 /* Build configuration list for PBXNativeTarget "Dot-DashUITests" */ = {
			isa = XCConfigurationList;
			buildConfigurations = (
				2BD62E8F2CCD7A9C00B86F14 /* Debug */,
				2BD62E902CCD7A9C00B86F14 /* Release */,
			);
			defaultConfigurationIsVisible = 0;
			defaultConfigurationName = Release;
		};
/* End XCConfigurationList section */
	};
	rootObject = 2BD62E5C2CCD7A9900B86F14 /* Project object */;
}
